
Microsoft Visual Studio Solution File, Format Version 11.00
# Visual Studio 2010
Project("{8BC9CEB8-8B4A-11D0-8D11-00A0C91BC942}") = "Final", "Final\Final.vcxproj", "{6FDDE84E-EE44-4A9E-891C-0D91FCB5E823}"
EndProject
Global
	GlobalSection(SolutionConfigurationPlatforms) = preSolution
		Debug|Win32 = Debug|Win32
		Release|Win32 = Release|Win32
	EndGlobalSection
	GlobalSection(ProjectConfigurationPlatforms) = postSolution
		{6FDDE84E-EE44-4A9E-891C-0D91FCB5E823}.Debug|Win32.ActiveCfg = Debug|Win32
		{6FDDE84E-EE44-4A9E-891C-0D91FCB5E823}.Debug|Win32.Build.0 = Debug|Win32
		{6FDDE84E-EE44-4A9E-891C-0D91FCB5E823}.Release|Win32.ActiveCfg = Release|Win32
		{6FDDE84E-EE44-4A9E-891C-0D91FCB5E823}.Release|Win32.Build.0 = Release|Win32
	EndGlobalSection
	GlobalSection(SolutionProperties) = preSolution
		HideSolutionNode = FALSE
	EndGlobalSection
EndGlobal
